
Microsoft Visual Studio Solution File, Format Version 12.00
# Visual Studio Version 16
VisualStudioVersion = 16.0.31205.134
MinimumVisualStudioVersion = 10.0.40219.1
Project("{8BC9CEB8-8B4A-11D0-8D11-00A0C91BC942}") = "OS07_01", "OS07_01\OS07_01.vcxproj", "{B23E9BB5-75E0-4E95-BFD4-A9DE72E6762B}"
EndProject
Project("{8BC9CEB8-8B4A-11D0-8D11-00A0C91BC942}") = "OS07_02", "OS07_02\OS07_02.vcxproj", "{C4BAD588-3458-43ED-A289-3411CE0E9B77}"
EndProject
Global
	GlobalSection(SolutionConfigurationPlatforms) = preSolution
		Debug|x64 = Debug|x64
		Debug|x86 = Debug|x86
		Release|x64 = Release|x64
		Release|x86 = Release|x86
	EndGlobalSection
	GlobalSection(ProjectConfigurationPlatforms) = postSolution
		{B23E9BB5-75E0-4E95-BFD4-A9DE72E6762B}.Debug|x64.ActiveCfg = Debug|x64
		{B23E9BB5-75E0-4E95-BFD4-A9DE72E6762B}.Debug|x64.Build.0 = Debug|x64
		{B23E9BB5-75E0-4E95-BFD4-A9DE72E6762B}.Debug|x86.ActiveCfg = Debug|Win32
		{B23E9BB5-75E0-4E95-BFD4-A9DE72E6762B}.Debug|x86.Build.0 = Debug|Win32
		{B23E9BB5-75E0-4E95-BFD4-A9DE72E6762B}.Release|x64.ActiveCfg = Release|x64
		{B23E9BB5-75E0-4E95-BFD4-A9DE72E6762B}.Release|x64.Build.0 = Release|x64
		{B23E9BB5-75E0-4E95-BFD4-A9DE72E6762B}.Release|x86.ActiveCfg = Release|Win32
		{B23E9BB5-75E0-4E95-BFD4-A9DE72E6762B}.Release|x86.Build.0 = Release|Win32
		{C4BAD588-3458-43ED-A289-3411CE0E9B77}.Debug|x64.ActiveCfg = Debug|x64
		{C4BAD588-3458-43ED-A289-3411CE0E9B77}.Debug|x64.Build.0 = Debug|x64
		{C4BAD588-3458-43ED-A289-3411CE0E9B77}.Debug|x86.ActiveCfg = Debug|Win32
		{C4BAD588-3458-43ED-A289-3411CE0E9B77}.Debug|x86.Build.0 = Debug|Win32
		{C4BAD588-3458-43ED-A289-3411CE0E9B77}.Release|x64.ActiveCfg = Release|x64
		{C4BAD588-3458-43ED-A289-3411CE0E9B77}.Release|x64.Build.0 = Release|x64
		{C4BAD588-3458-43ED-A289-3411CE0E9B77}.Release|x86.ActiveCfg = Release|Win32
		{C4BAD588-3458-43ED-A289-3411CE0E9B77}.Release|x86.Build.0 = Release|Win32
	EndGlobalSection
	GlobalSection(SolutionProperties) = preSolution
		HideSolutionNode = FALSE
	EndGlobalSection
	GlobalSection(ExtensibilityGlobals) = postSolution
		SolutionGuid = {55D64CEF-7C7B-473E-B708-AE1B16637E41}
	EndGlobalSection
EndGlobal
